
Microsoft Visual Studio Solution File, Format Version 12.00
Project("{FAE04EC0-301F-11D3-BF4B-00C04F79EFBC}") = "FreeGameIsAFreeGame.Scraper.EpicGames", "FreeGameIsAFreeGame.Scraper.EpicGames\FreeGameIsAFreeGame.Scraper.EpicGames.csproj", "{A48E6F44-6594-4268-90B2-B659C53303ED}"
EndProject
Project("{FAE04EC0-301F-11D3-BF4B-00C04F79EFBC}") = "FreeGameIsAFreeGame.Core", "..\FreeGameIsAFreeGame.Core\FreeGameIsAFreeGame.Core\FreeGameIsAFreeGame.Core\FreeGameIsAFreeGame.Core.csproj", "{40F111FF-04FA-40DC-B957-233B18038532}"
EndProject
Global
	GlobalSection(SolutionConfigurationPlatforms) = preSolution
		Debug|Any CPU = Debug|Any CPU
		Release|Any CPU = Release|Any CPU
	EndGlobalSection
	GlobalSection(ProjectConfigurationPlatforms) = postSolution
		{A48E6F44-6594-4268-90B2-B659C53303ED}.Debug|Any CPU.ActiveCfg = Debug|Any CPU
		{A48E6F44-6594-4268-90B2-B659C53303ED}.Debug|Any CPU.Build.0 = Debug|Any CPU
		{A48E6F44-6594-4268-90B2-B659C53303ED}.Release|Any CPU.ActiveCfg = Release|Any CPU
		{A48E6F44-6594-4268-90B2-B659C53303ED}.Release|Any CPU.Build.0 = Release|Any CPU
		{40F111FF-04FA-40DC-B957-233B18038532}.Debug|Any CPU.ActiveCfg = Debug|Any CPU
		{40F111FF-04FA-40DC-B957-233B18038532}.Debug|Any CPU.Build.0 = Debug|Any CPU
		{40F111FF-04FA-40DC-B957-233B18038532}.Release|Any CPU.ActiveCfg = Release|Any CPU
		{40F111FF-04FA-40DC-B957-233B18038532}.Release|Any CPU.Build.0 = Release|Any CPU
	EndGlobalSection
EndGlobal
